
Microsoft Visual Studio Solution File, Format Version 12.00
# Visual Studio Version 16
VisualStudioVersion = 16.0.29521.150
MinimumVisualStudioVersion = 10.0.40219.1
Project("{FAE04EC0-301F-11D3-BF4B-00C04F79EFBC}") = "Codemash.UWP", "Codemash\Codemash.UWP\Codemash.UWP.csproj", "{7DC018C6-40D8-4FF4-82DA-CAEC4EC3E4CA}"
EndProject
Project("{FAE04EC0-301F-11D3-BF4B-00C04F79EFBC}") = "Codemash.Android", "Codemash\Codemash.Android\Codemash.Android.csproj", "{126A9E4C-A3B1-4F51-B020-0038CDEC8BA6}"
EndProject
Project("{FAE04EC0-301F-11D3-BF4B-00C04F79EFBC}") = "Codemash.iOS", "Codemash\Codemash.iOS\Codemash.iOS.csproj", "{14CBE975-E99B-4210-B2CF-031FB5BC606F}"
EndProject
Project("{FAE04EC0-301F-11D3-BF4B-00C04F79EFBC}") = "Codemash", "Codemash\Codemash\Codemash.csproj", "{BCF2B6AC-BD2C-4C44-81E6-54BDC7B7A62E}"
EndProject
Global
	GlobalSection(SolutionConfigurationPlatforms) = preSolution
		Debug|Any CPU = Debug|Any CPU
		Debug|ARM = Debug|ARM
		Debug|iPhone = Debug|iPhone
		Debug|iPhoneSimulator = Debug|iPhoneSimulator
		Debug|x64 = Debug|x64
		Debug|x86 = Debug|x86
		Release|Any CPU = Release|Any CPU
		Release|ARM = Release|ARM
		Release|iPhone = Release|iPhone
		Release|iPhoneSimulator = Release|iPhoneSimulator
		Release|x64 = Release|x64
		Release|x86 = Release|x86
	EndGlobalSection
	GlobalSection(ProjectConfigurationPlatforms) = postSolution
		{7DC018C6-40D8-4FF4-82DA-CAEC4EC3E4CA}.Debug|Any CPU.ActiveCfg = Debug|x86
		{7DC018C6-40D8-4FF4-82DA-CAEC4EC3E4CA}.Debug|Any CPU.Build.0 = Debug|x86
		{7DC018C6-40D8-4FF4-82DA-CAEC4EC3E4CA}.Debug|Any CPU.Deploy.0 = Debug|x86
		{7DC018C6-40D8-4FF4-82DA-CAEC4EC3E4CA}.Debug|ARM.ActiveCfg = Debug|ARM
		{7DC018C6-40D8-4FF4-82DA-CAEC4EC3E4CA}.Debug|ARM.Build.0 = Debug|ARM
		{7DC018C6-40D8-4FF4-82DA-CAEC4EC3E4CA}.Debug|ARM.Deploy.0 = Debug|ARM
		{7DC018C6-40D8-4FF4-82DA-CAEC4EC3E4CA}.Debug|iPhone.ActiveCfg = Debug|x86
		{7DC018C6-40D8-4FF4-82DA-CAEC4EC3E4CA}.Debug|iPhone.Build.0 = Debug|x86
		{7DC018C6-40D8-4FF4-82DA-CAEC4EC3E4CA}.Debug|iPhone.Deploy.0 = Debug|x86
		{7DC018C6-40D8-4FF4-82DA-CAEC4EC3E4CA}.Debug|iPhoneSimulator.ActiveCfg = Debug|x86
		{7DC018C6-40D8-4FF4-82DA-CAEC4EC3E4CA}.Debug|iPhoneSimulator.Build.0 = Debug|x86
		{7DC018C6-40D8-4FF4-82DA-CAEC4EC3E4CA}.Debug|iPhoneSimulator.Deploy.0 = Debug|x86
		{7DC018C6-40D8-4FF4-82DA-CAEC4EC3E4CA}.Debug|x64.ActiveCfg = Debug|x64
		{7DC018C6-40D8-4FF4-82DA-CAEC4EC3E4CA}.Debug|x64.Build.0 = Debug|x64
		{7DC018C6-40D8-4FF4-82DA-CAEC4EC3E4CA}.Debug|x64.Deploy.0 = Debug|x64
		{7DC018C6-40D8-4FF4-82DA-CAEC4EC3E4CA}.Debug|x86.ActiveCfg = Debug|x86
		{7DC018C6-40D8-4FF4-82DA-CAEC4EC3E4CA}.Debug|x86.Build.0 = Debug|x86
		{7DC018C6-40D8-4FF4-82DA-CAEC4EC3E4CA}.Debug|x86.Deploy.0 = Debug|x86
		{7DC018C6-40D8-4FF4-82DA-CAEC4EC3E4CA}.Release|Any CPU.ActiveCfg = Release|x86
		{7DC018C6-40D8-4FF4-82DA-CAEC4EC3E4CA}.Release|Any CPU.Build.0 = Release|x86
		{7DC018C6-40D8-4FF4-82DA-CAEC4EC3E4CA}.Release|Any CPU.Deploy.0 = Release|x86
		{7DC018C6-40D8-4FF4-82DA-CAEC4EC3E4CA}.Release|ARM.ActiveCfg = Release|ARM
		{7DC018C6-40D8-4FF4-82DA-CAEC4EC3E4CA}.Release|ARM.Build.0 = Release|ARM
		{7DC018C6-40D8-4FF4-82DA-CAEC4EC3E4CA}.Release|ARM.Deploy.0 = Release|ARM
		{7DC018C6-40D8-4FF4-82DA-CAEC4EC3E4CA}.Release|iPhone.ActiveCfg = Release|x86
		{7DC018C6-40D8-4FF4-82DA-CAEC4EC3E4CA}.Release|iPhone.Build.0 = Release|x86
		{7DC018C6-40D8-4FF4-82DA-CAEC4EC3E4CA}.Release|iPhone.Deploy.0 = Release|x86
		{7DC018C6-40D8-4FF4-82DA-CAEC4EC3E4CA}.Release|iPhoneSimulator.ActiveCfg = Release|x86
		{7DC018C6-40D8-4FF4-82DA-CAEC4EC3E4CA}.Release|iPhoneSimulator.Build.0 = Release|x86
		{7DC018C6-40D8-4FF4-82DA-CAEC4EC3E4CA}.Release|iPhoneSimulator.Deploy.0 = Release|x86
		{7DC018C6-40D8-4FF4-82DA-CAEC4EC3E4CA}.Release|x64.ActiveCfg = Release|x64
		{7DC018C6-40D8-4FF4-82DA-CAEC4EC3E4CA}.Release|x64.Build.0 = Release|x64
		{7DC018C6-40D8-4FF4-82DA-CAEC4EC3E4CA}.Release|x64.Deploy.0 = Release|x64
		{7DC018C6-40D8-4FF4-82DA-CAEC4EC3E4CA}.Release|x86.ActiveCfg = Release|x86
		{7DC018C6-40D8-4FF4-82DA-CAEC4EC3E4CA}.Release|x86.Build.0 = Release|x86
		{7DC018C6-40D8-4FF4-82DA-CAEC4EC3E4CA}.Release|x86.Deploy.0 = Release|x86
		{126A9E4C-A3B1-4F51-B020-0038CDEC8BA6}.Debug|Any CPU.ActiveCfg = Debug|Any CPU
		{126A9E4C-A3B1-4F51-B020-0038CDEC8BA6}.Debug|Any CPU.Build.0 = Debug|Any CPU
		{126A9E4C-A3B1-4F51-B020-0038CDEC8BA6}.Debug|Any CPU.Deploy.0 = Debug|Any CPU
		{126A9E4C-A3B1-4F51-B020-0038CDEC8BA6}.Debug|ARM.ActiveCfg = Debug|Any CPU
		{126A9E4C-A3B1-4F51-B020-0038CDEC8BA6}.Debug|ARM.Build.0 = Debug|Any CPU
		{126A9E4C-A3B1-4F51-B020-0038CDEC8BA6}.Debug|ARM.Deploy.0 = Debug|Any CPU
		{126A9E4C-A3B1-4F51-B020-0038CDEC8BA6}.Debug|iPhone.ActiveCfg = Debug|Any CPU
		{126A9E4C-A3B1-4F51-B020-0038CDEC8BA6}.Debug|iPhone.Build.0 = Debug|Any CPU
		{126A9E4C-A3B1-4F51-B020-0038CDEC8BA6}.Debug|iPhone.Deploy.0 = Debug|Any CPU
		{126A9E4C-A3B1-4F51-B020-0038CDEC8BA6}.Debug|iPhoneSimulator.ActiveCfg = Debug|Any CPU
		{126A9E4C-A3B1-4F51-B020-0038CDEC8BA6}.Debug|iPhoneSimulator.Build.0 = Debug|Any CPU
		{126A9E4C-A3B1-4F51-B020-0038CDEC8BA6}.Debug|iPhoneSimulator.Deploy.0 = Debug|Any CPU
		{126A9E4C-A3B1-4F51-B020-0038CDEC8BA6}.Debug|x64.ActiveCfg = Debug|Any CPU
		{126A9E4C-A3B1-4F51-B020-0038CDEC8BA6}.Debug|x64.Build.0 = Debug|Any CPU
		{126A9E4C-A3B1-4F51-B020-0038CDEC8BA6}.Debug|x64.Deploy.0 = Debug|Any CPU
		{126A9E4C-A3B1-4F51-B020-0038CDEC8BA6}.Debug|x86.ActiveCfg = Debug|Any CPU
		{126A9E4C-A3B1-4F51-B020-0038CDEC8BA6}.Release|Any CPU.ActiveCfg = Release|Any CPU
		{126A9E4C-A3B1-4F51-B020-0038CDEC8BA6}.Release|Any CPU.Build.0 = Release|Any CPU
		{126A9E4C-A3B1-4F51-B020-0038CDEC8BA6}.Release|Any CPU.Deploy.0 = Release|Any CPU
		{126A9E4C-A3B1-4F51-B020-0038CDEC8BA6}.Release|ARM.ActiveCfg = Release|Any CPU
		{126A9E4C-A3B1-4F51-B020-0038CDEC8BA6}.Release|ARM.Build.0 = Release|Any CPU
		{126A9E4C-A3B1-4F51-B020-0038CDEC8BA6}.Release|ARM.Deploy.0 = Release|Any CPU
		{126A9E4C-A3B1-4F51-B020-0038CDEC8BA6}.Release|iPhone.ActiveCfg = Release|Any CPU
		{126A9E4C-A3B1-4F51-B020-0038CDEC8BA6}.Release|iPhone.Build.0 = Release|Any CPU
		{126A9E4C-A3B1-4F51-B020-0038CDEC8BA6}.Release|iPhone.Deploy.0 = Release|Any CPU
		{126A9E4C-A3B1-4F51-B020-0038CDEC8BA6}.Release|iPhoneSimulator.ActiveCfg = Release|Any CPU
		{126A9E4C-A3B1-4F51-B020-0038CDEC8BA6}.Release|iPhoneSimulator.Build.0 = Release|Any CPU
		{126A9E4C-A3B1-4F51-B020-0038CDEC8BA6}.Release|iPhoneSimulator.Deploy.0 = Release|Any CPU
		{126A9E4C-A3B1-4F51-B020-0038CDEC8BA6}.Release|x64.ActiveCfg = Release|Any CPU
		{126A9E4C-A3B1-4F51-B020-0038CDEC8BA6}.Release|x64.Build.0 = Release|Any CPU
		{126A9E4C-A3B1-4F51-B020-0038CDEC8BA6}.Release|x64.Deploy.0 = Release|Any CPU
		{126A9E4C-A3B1-4F51-B020-0038CDEC8BA6}.Release|x86.ActiveCfg = Release|Any CPU
		{126A9E4C-A3B1-4F51-B020-0038CDEC8BA6}.Release|x86.Build.0 = Release|Any CPU
		{126A9E4C-A3B1-4F51-B020-0038CDEC8BA6}.Release|x86.Deploy.0 = Release|Any CPU
		{14CBE975-E99B-4210-B2CF-031FB5BC606F}.Debug|Any CPU.ActiveCfg = Debug|iPhone
		{14CBE975-E99B-4210-B2CF-031FB5BC606F}.Debug|Any CPU.Build.0 = Debug|iPhone
		{14CBE975-E99B-4210-B2CF-031FB5BC606F}.Debug|Any CPU.Deploy.0 = Debug|iPhone
		{14CBE975-E99B-4210-B2CF-031FB5BC606F}.Debug|ARM.ActiveCfg = Debug|iPhoneSimulator
		{14CBE975-E99B-4210-B2CF-031FB5BC606F}.Debug|ARM.Build.0 = Debug|iPhoneSimulator
		{14CBE975-E99B-4210-B2CF-031FB5BC606F}.Debug|ARM.Deploy.0 = Debug|iPhoneSimulator
		{14CBE975-E99B-4210-B2CF-031FB5BC606F}.Debug|iPhone.ActiveCfg = Debug|iPhone
		{14CBE975-E99B-4210-B2CF-031FB5BC606F}.Debug|iPhone.Build.0 = Debug|iPhone
		{14CBE975-E99B-4210-B2CF-031FB5BC606F}.Debug|iPhone.Deploy.0 = Debug|iPhone
		{14CBE975-E99B-4210-B2CF-031FB5BC606F}.Debug|iPhoneSimulator.ActiveCfg = Debug|iPhoneSimulator
		{14CBE975-E99B-4210-B2CF-031FB5BC606F}.Debug|iPhoneSimulator.Build.0 = Debug|iPhoneSimulator
		{14CBE975-E99B-4210-B2CF-031FB5BC606F}.Debug|iPhoneSimulator.Deploy.0 = Debug|iPhoneSimulator
		{14CBE975-E99B-4210-B2CF-031FB5BC606F}.Debug|x64.ActiveCfg = Debug|iPhone
		{14CBE975-E99B-4210-B2CF-031FB5BC606F}.Debug|x64.Build.0 = Debug|iPhone
		{14CBE975-E99B-4210-B2CF-031FB5BC606F}.Debug|x64.Deploy.0 = Debug|iPhone
		{14CBE975-E99B-4210-B2CF-031FB5BC606F}.Debug|x86.ActiveCfg = Debug|iPhone
		{14CBE975-E99B-4210-B2CF-031FB5BC606F}.Debug|x86.Deploy.0 = Debug|iPhone
		{14CBE975-E99B-4210-B2CF-031FB5BC606F}.Release|Any CPU.ActiveCfg = Release|iPhone
		{14CBE975-E99B-4210-B2CF-031FB5BC606F}.Release|Any CPU.Build.0 = Release|iPhone
		{14CBE975-E99B-4210-B2CF-031FB5BC606F}.Release|Any CPU.Deploy.0 = Release|iPhone
		{14CBE975-E99B-4210-B2CF-031FB5BC606F}.Release|ARM.ActiveCfg = Release|iPhone
		{14CBE975-E99B-4210-B2CF-031FB5BC606F}.Release|ARM.Build.0 = Release|iPhone
		{14CBE975-E99B-4210-B2CF-031FB5BC606F}.Release|ARM.Deploy.0 = Release|iPhone
		{14CBE975-E99B-4210-B2CF-031FB5BC606F}.Release|iPhone.ActiveCfg = Release|iPhone
		{14CBE975-E99B-4210-B2CF-031FB5BC606F}.Release|iPhone.Build.0 = Release|iPhone
		{14CBE975-E99B-4210-B2CF-031FB5BC606F}.Release|iPhone.Deploy.0 = Release|iPhone
		{14CBE975-E99B-4210-B2CF-031FB5BC606F}.Release|iPhoneSimulator.ActiveCfg = Release|iPhoneSimulator
		{14CBE975-E99B-4210-B2CF-031FB5BC606F}.Release|iPhoneSimulator.Build.0 = Release|iPhoneSimulator
		{14CBE975-E99B-4210-B2CF-031FB5BC606F}.Release|iPhoneSimulator.Deploy.0 = Release|iPhoneSimulator
		{14CBE975-E99B-4210-B2CF-031FB5BC606F}.Release|x64.ActiveCfg = Release|iPhone
		{14CBE975-E99B-4210-B2CF-031FB5BC606F}.Release|x64.Build.0 = Release|iPhone
		{14CBE975-E99B-4210-B2CF-031FB5BC606F}.Release|x64.Deploy.0 = Release|iPhone
		{14CBE975-E99B-4210-B2CF-031FB5BC606F}.Release|x86.ActiveCfg = Release|iPhone
		{14CBE975-E99B-4210-B2CF-031FB5BC606F}.Release|x86.Build.0 = Release|iPhone
		{14CBE975-E99B-4210-B2CF-031FB5BC606F}.Release|x86.Deploy.0 = Release|iPhone
		{BCF2B6AC-BD2C-4C44-81E6-54BDC7B7A62E}.Debug|Any CPU.ActiveCfg = Debug|Any CPU
		{BCF2B6AC-BD2C-4C44-81E6-54BDC7B7A62E}.Debug|Any CPU.Build.0 = Debug|Any CPU
		{BCF2B6AC-BD2C-4C44-81E6-54BDC7B7A62E}.Debug|Any CPU.Deploy.0 = Debug|Any CPU
		{BCF2B6AC-BD2C-4C44-81E6-54BDC7B7A62E}.Debug|ARM.ActiveCfg = Debug|Any CPU
		{BCF2B6AC-BD2C-4C44-81E6-54BDC7B7A62E}.Debug|ARM.Build.0 = Debug|Any CPU
		{BCF2B6AC-BD2C-4C44-81E6-54BDC7B7A62E}.Debug|ARM.Deploy.0 = Debug|Any CPU
		{BCF2B6AC-BD2C-4C44-81E6-54BDC7B7A62E}.Debug|iPhone.ActiveCfg = Debug|Any CPU
		{BCF2B6AC-BD2C-4C44-81E6-54BDC7B7A62E}.Debug|iPhone.Build.0 = Debug|Any CPU
		{BCF2B6AC-BD2C-4C44-81E6-54BDC7B7A62E}.Debug|iPhone.Deploy.0 = Debug|Any CPU
		{BCF2B6AC-BD2C-4C44-81E6-54BDC7B7A62E}.Debug|iPhoneSimulator.ActiveCfg = Debug|Any CPU
		{BCF2B6AC-BD2C-4C44-81E6-54BDC7B7A62E}.Debug|iPhoneSimulator.Build.0 = Debug|Any CPU
		{BCF2B6AC-BD2C-4C44-81E6-54BDC7B7A62E}.Debug|iPhoneSimulator.Deploy.0 = Debug|Any CPU
		{BCF2B6AC-BD2C-4C44-81E6-54BDC7B7A62E}.Debug|x64.ActiveCfg = Debug|Any CPU
		{BCF2B6AC-BD2C-4C44-81E6-54BDC7B7A62E}.Debug|x64.Build.0 = Debug|Any CPU
		{BCF2B6AC-BD2C-4C44-81E6-54BDC7B7A62E}.Debug|x64.Deploy.0 = Debug|Any CPU
		{BCF2B6AC-BD2C-4C44-81E6-54BDC7B7A62E}.Debug|x86.ActiveCfg = Debug|Any CPU
		{BCF2B6AC-BD2C-4C44-81E6-54BDC7B7A62E}.Debug|x86.Build.0 = Debug|Any CPU
		{BCF2B6AC-BD2C-4C44-81E6-54BDC7B7A62E}.Debug|x86.Deploy.0 = Debug|Any CPU
		{BCF2B6AC-BD2C-4C44-81E6-54BDC7B7A62E}.Release|Any CPU.ActiveCfg = Release|Any CPU
		{BCF2B6AC-BD2C-4C44-81E6-54BDC7B7A62E}.Release|Any CPU.Build.0 = Release|Any CPU
		{BCF2B6AC-BD2C-4C44-81E6-54BDC7B7A62E}.Release|Any CPU.Deploy.0 = Release|Any CPU
		{BCF2B6AC-BD2C-4C44-81E6-54BDC7B7A62E}.Release|ARM.ActiveCfg = Release|Any CPU
		{BCF2B6AC-BD2C-4C44-81E6-54BDC7B7A62E}.Release|ARM.Build.0 = Release|Any CPU
		{BCF2B6AC-BD2C-4C44-81E6-54BDC7B7A62E}.Release|ARM.Deploy.0 = Release|Any CPU
		{BCF2B6AC-BD2C-4C44-81E6-54BDC7B7A62E}.Release|iPhone.ActiveCfg = Release|Any CPU
		{BCF2B6AC-BD2C-4C44-81E6-54BDC7B7A62E}.Release|iPhone.Build.0 = Release|Any CPU
		{BCF2B6AC-BD2C-4C44-81E6-54BDC7B7A62E}.Release|iPhone.Deploy.0 = Release|Any CPU
		{BCF2B6AC-BD2C-4C44-81E6-54BDC7B7A62E}.Release|iPhoneSimulator.ActiveCfg = Release|Any CPU
		{BCF2B6AC-BD2C-4C44-81E6-54BDC7B7A62E}.Release|iPhoneSimulator.Build.0 = Release|Any CPU
		{BCF2B6AC-BD2C-4C44-81E6-54BDC7B7A62E}.Release|iPhoneSimulator.Deploy.0 = Release|Any CPU
		{BCF2B6AC-BD2C-4C44-81E6-54BDC7B7A62E}.Release|x64.ActiveCfg = Release|Any CPU
		{BCF2B6AC-BD2C-4C44-81E6-54BDC7B7A62E}.Release|x64.Build.0 = Release|Any CPU
		{BCF2B6AC-BD2C-4C44-81E6-54BDC7B7A62E}.Release|x64.Deploy.0 = Release|Any CPU
		{BCF2B6AC-BD2C-4C44-81E6-54BDC7B7A62E}.Release|x86.ActiveCfg = Release|Any CPU
		{BCF2B6AC-BD2C-4C44-81E6-54BDC7B7A62E}.Release|x86.Build.0 = Release|Any CPU
		{BCF2B6AC-BD2C-4C44-81E6-54BDC7B7A62E}.Release|x86.Deploy.0 = Release|Any CPU
	EndGlobalSection
	GlobalSection(SolutionProperties) = preSolution
		HideSolutionNode = FALSE
	EndGlobalSection
	GlobalSection(ExtensibilityGlobals) = postSolution
		SolutionGuid = {269CDC84-EA12-4DDD-8156-5A062C372C01}
	EndGlobalSection
EndGlobal
